// !$*UTF8*$!
{
	archiveVersion = 1;
	classes = {
	};
	objectVersion = 51;
	objects = {

/* Begin PBXBuildFile section */
		911DA24C23682D8F00F90494 /* TripModel.swift in Sources */ = {isa = PBXBuildFile; fileRef = 911DA24B23682D8F00F90494 /* TripModel.swift */; };
		911DA24E23682E0A00F90494 /* TripFunctions.swift in Sources */ = {isa = PBXBuildFile; fileRef = 911DA24D23682E0A00F90494 /* TripFunctions.swift */; };
		911DA250236840BC00F90494 /* TripData.swift in Sources */ = {isa = PBXBuildFile; fileRef = 911DA24F236840BC00F90494 /* TripData.swift */; };
		911DA25423684AFE00F90494 /* TripsViewController.storyboard in Resources */ = {isa = PBXBuildFile; fileRef = 911DA25323684AFE00F90494 /* TripsViewController.storyboard */; };
		911DA25623684B1B00F90494 /* TripsViewController.swift in Sources */ = {isa = PBXBuildFile; fileRef = 911DA25523684B1B00F90494 /* TripsViewController.swift */; };
		911DA258236851F100F90494 /* TripsTableViewCell.swift in Sources */ = {isa = PBXBuildFile; fileRef = 911DA257236851F100F90494 /* TripsTableViewCell.swift */; };
		9132E85223AE46F50001CE12 /* HeaderTableViewCell.swift in Sources */ = {isa = PBXBuildFile; fileRef = 9132E85123AE46F50001CE12 /* HeaderTableViewCell.swift */; };
		913D905323A9DA80009BA826 /* ActivityTypeEnum.swift in Sources */ = {isa = PBXBuildFile; fileRef = 913D905223A9DA80009BA826 /* ActivityTypeEnum.swift */; };
		913D905523A9DAEA009BA826 /* ActivityModel.swift in Sources */ = {isa = PBXBuildFile; fileRef = 913D905423A9DAEA009BA826 /* ActivityModel.swift */; };
		913D905723A9DC5D009BA826 /* DayModel.swift in Sources */ = {isa = PBXBuildFile; fileRef = 913D905623A9DC5D009BA826 /* DayModel.swift */; };
		913D905923A9DF82009BA826 /* MockData.swift in Sources */ = {isa = PBXBuildFile; fileRef = 913D905823A9DF82009BA826 /* MockData.swift */; };
		9149BB9723B16853002B926A /* ActivityTableViewCell.swift in Sources */ = {isa = PBXBuildFile; fileRef = 9149BB9623B16853002B926A /* ActivityTableViewCell.swift */; };
		916195AF2365F0CE006D707A /* AppDelegate.swift in Sources */ = {isa = PBXBuildFile; fileRef = 916195AE2365F0CE006D707A /* AppDelegate.swift */; };
		916195B92365F0D1006D707A /* LaunchScreen.storyboard in Resources */ = {isa = PBXBuildFile; fileRef = 916195B72365F0D1006D707A /* LaunchScreen.storyboard */; };
		9180387223A2E88B009D6C2D /* FugazOne-Regular.ttf in Resources */ = {isa = PBXBuildFile; fileRef = 91ECEDE2236A1321000E6102 /* FugazOne-Regular.ttf */; };
		91E5682923A82B7700F548BE /* ActivitiesViewController.storyboard in Resources */ = {isa = PBXBuildFile; fileRef = 91E5682823A82B7700F548BE /* ActivitiesViewController.storyboard */; };
		91E5682B23A82BAE00F548BE /* ActivitiesViewController.swift in Sources */ = {isa = PBXBuildFile; fileRef = 91E5682A23A82BAE00F548BE /* ActivitiesViewController.swift */; };
		91ECEDDE236A0BF4000E6102 /* UIViewExtensions.swift in Sources */ = {isa = PBXBuildFile; fileRef = 91ECEDDD236A0BF4000E6102 /* UIViewExtensions.swift */; };
		91ECEDE1236A12C5000E6102 /* Theme.swift in Sources */ = {isa = PBXBuildFile; fileRef = 91ECEDE0236A12C5000E6102 /* Theme.swift */; };
		91ECEDE5236A148C000E6102 /* Colors.xcassets in Resources */ = {isa = PBXBuildFile; fileRef = 91ECEDE4236A148C000E6102 /* Colors.xcassets */; };
		91ECEDE7236A276A000E6102 /* Assets.xcassets in Resources */ = {isa = PBXBuildFile; fileRef = 91ECEDE6236A276A000E6102 /* Assets.xcassets */; };
		91ECEDE9236A2B90000E6102 /* UIButtonExtension.swift in Sources */ = {isa = PBXBuildFile; fileRef = 91ECEDE8236A2B90000E6102 /* UIButtonExtension.swift */; };
		91ECEDEB236A2FAB000E6102 /* FloatingActionButton.swift in Sources */ = {isa = PBXBuildFile; fileRef = 91ECEDEA236A2FAB000E6102 /* FloatingActionButton.swift */; };
		91F10A8C23A5589D006FD594 /* AddTripViewController.storyboard in Resources */ = {isa = PBXBuildFile; fileRef = 91F10A8B23A5589D006FD594 /* AddTripViewController.storyboard */; };
		91F10A8F23A55931006FD594 /* AddTripViewController.swift in Sources */ = {isa = PBXBuildFile; fileRef = 91F10A8E23A55931006FD594 /* AddTripViewController.swift */; };
		91F10A9223A5600B006FD594 /* PopupUIView.swift in Sources */ = {isa = PBXBuildFile; fileRef = 91F10A9123A5600B006FD594 /* PopupUIView.swift */; };
		91F10A9423A56462006FD594 /* AppUIButton.swift in Sources */ = {isa = PBXBuildFile; fileRef = 91F10A9323A56462006FD594 /* AppUIButton.swift */; };
		BF5CFA862641A5E36CC1ECD5 /* Pods_Itinerary.framework in Frameworks */ = {isa = PBXBuildFile; fileRef = D088878FE0F3EFCFEDB30069 /* Pods_Itinerary.framework */; };
/* End PBXBuildFile section */

/* Begin PBXFileReference section */
		911DA24B23682D8F00F90494 /* TripModel.swift */ = {isa = PBXFileReference; lastKnownFileType = sourcecode.swift; path = TripModel.swift; sourceTree = "<group>"; };
		911DA24D23682E0A00F90494 /* TripFunctions.swift */ = {isa = PBXFileReference; lastKnownFileType = sourcecode.swift; path = TripFunctions.swift; sourceTree = "<group>"; };
		911DA24F236840BC00F90494 /* TripData.swift */ = {isa = PBXFileReference; lastKnownFileType = sourcecode.swift; path = TripData.swift; sourceTree = "<group>"; };
		911DA25323684AFE00F90494 /* TripsViewController.storyboard */ = {isa = PBXFileReference; lastKnownFileType = file.storyboard; path = TripsViewController.storyboard; sourceTree = "<group>"; };
		911DA25523684B1B00F90494 /* TripsViewController.swift */ = {isa = PBXFileReference; lastKnownFileType = sourcecode.swift; path = TripsViewController.swift; sourceTree = "<group>"; };
		911DA257236851F100F90494 /* TripsTableViewCell.swift */ = {isa = PBXFileReference; lastKnownFileType = sourcecode.swift; path = TripsTableViewCell.swift; sourceTree = "<group>"; };
		9132E85123AE46F50001CE12 /* HeaderTableViewCell.swift */ = {isa = PBXFileReference; lastKnownFileType = sourcecode.swift; path = HeaderTableViewCell.swift; sourceTree = "<group>"; };
		913D905223A9DA80009BA826 /* ActivityTypeEnum.swift */ = {isa = PBXFileReference; lastKnownFileType = sourcecode.swift; path = ActivityTypeEnum.swift; sourceTree = "<group>"; };
		913D905423A9DAEA009BA826 /* ActivityModel.swift */ = {isa = PBXFileReference; lastKnownFileType = sourcecode.swift; path = ActivityModel.swift; sourceTree = "<group>"; };
		913D905623A9DC5D009BA826 /* DayModel.swift */ = {isa = PBXFileReference; lastKnownFileType = sourcecode.swift; path = DayModel.swift; sourceTree = "<group>"; };
		913D905823A9DF82009BA826 /* MockData.swift */ = {isa = PBXFileReference; lastKnownFileType = sourcecode.swift; path = MockData.swift; sourceTree = "<group>"; };
		9149BB9623B16853002B926A /* ActivityTableViewCell.swift */ = {isa = PBXFileReference; lastKnownFileType = sourcecode.swift; path = ActivityTableViewCell.swift; sourceTree = "<group>"; };
		916195AB2365F0CE006D707A /* Itinerary.app */ = {isa = PBXFileReference; explicitFileType = wrapper.application; includeInIndex = 0; path = Itinerary.app; sourceTree = BUILT_PRODUCTS_DIR; };
		916195AE2365F0CE006D707A /* AppDelegate.swift */ = {isa = PBXFileReference; lastKnownFileType = sourcecode.swift; path = AppDelegate.swift; sourceTree = "<group>"; };
		916195B82365F0D1006D707A /* Base */ = {isa = PBXFileReference; lastKnownFileType = file.storyboard; name = Base; path = Base.lproj/LaunchScreen.storyboard; sourceTree = "<group>"; };
		916195BA2365F0D1006D707A /* Info.plist */ = {isa = PBXFileReference; lastKnownFileType = text.plist.xml; path = Info.plist; sourceTree = "<group>"; };
		91E5682823A82B7700F548BE /* ActivitiesViewController.storyboard */ = {isa = PBXFileReference; lastKnownFileType = file.storyboard; path = ActivitiesViewController.storyboard; sourceTree = "<group>"; };
		91E5682A23A82BAE00F548BE /* ActivitiesViewController.swift */ = {isa = PBXFileReference; lastKnownFileType = sourcecode.swift; path = ActivitiesViewController.swift; sourceTree = "<group>"; };
		91ECEDDD236A0BF4000E6102 /* UIViewExtensions.swift */ = {isa = PBXFileReference; lastKnownFileType = sourcecode.swift; path = UIViewExtensions.swift; sourceTree = "<group>"; };
		91ECEDE0236A12C5000E6102 /* Theme.swift */ = {isa = PBXFileReference; lastKnownFileType = sourcecode.swift; path = Theme.swift; sourceTree = "<group>"; };
		91ECEDE2236A1321000E6102 /* FugazOne-Regular.ttf */ = {isa = PBXFileReference; lastKnownFileType = file; path = "FugazOne-Regular.ttf"; sourceTree = "<group>"; };
		91ECEDE4236A148C000E6102 /* Colors.xcassets */ = {isa = PBXFileReference; lastKnownFileType = folder.assetcatalog; path = Colors.xcassets; sourceTree = "<group>"; };
		91ECEDE6236A276A000E6102 /* Assets.xcassets */ = {isa = PBXFileReference; lastKnownFileType = folder.assetcatalog; path = Assets.xcassets; sourceTree = "<group>"; };
		91ECEDE8236A2B90000E6102 /* UIButtonExtension.swift */ = {isa = PBXFileReference; lastKnownFileType = sourcecode.swift; path = UIButtonExtension.swift; sourceTree = "<group>"; };
		91ECEDEA236A2FAB000E6102 /* FloatingActionButton.swift */ = {isa = PBXFileReference; lastKnownFileType = sourcecode.swift; path = FloatingActionButton.swift; sourceTree = "<group>"; };
		91F10A8B23A5589D006FD594 /* AddTripViewController.storyboard */ = {isa = PBXFileReference; fileEncoding = 4; lastKnownFileType = file.storyboard; path = AddTripViewController.storyboard; sourceTree = "<group>"; };
		91F10A8E23A55931006FD594 /* AddTripViewController.swift */ = {isa = PBXFileReference; lastKnownFileType = sourcecode.swift; path = AddTripViewController.swift; sourceTree = "<group>"; };
		91F10A9123A5600B006FD594 /* PopupUIView.swift */ = {isa = PBXFileReference; lastKnownFileType = sourcecode.swift; path = PopupUIView.swift; sourceTree = "<group>"; };
		91F10A9323A56462006FD594 /* AppUIButton.swift */ = {isa = PBXFileReference; lastKnownFileType = sourcecode.swift; path = AppUIButton.swift; sourceTree = "<group>"; };
		B741C3AEB8EEBEBB897913E8 /* Pods-Itinerary.release.xcconfig */ = {isa = PBXFileReference; includeInIndex = 1; lastKnownFileType = text.xcconfig; name = "Pods-Itinerary.release.xcconfig"; path = "Target Support Files/Pods-Itinerary/Pods-Itinerary.release.xcconfig"; sourceTree = "<group>"; };
		D088878FE0F3EFCFEDB30069 /* Pods_Itinerary.framework */ = {isa = PBXFileReference; explicitFileType = wrapper.framework; includeInIndex = 0; path = Pods_Itinerary.framework; sourceTree = BUILT_PRODUCTS_DIR; };
		D94EF8767C3C9EA0DB872642 /* Pods-Itinerary.debug.xcconfig */ = {isa = PBXFileReference; includeInIndex = 1; lastKnownFileType = text.xcconfig; name = "Pods-Itinerary.debug.xcconfig"; path = "Target Support Files/Pods-Itinerary/Pods-Itinerary.debug.xcconfig"; sourceTree = "<group>"; };
/* End PBXFileReference section */

/* Begin PBXFrameworksBuildPhase section */
		916195A82365F0CE006D707A /* Frameworks */ = {
			isa = PBXFrameworksBuildPhase;
			buildActionMask = 2147483647;
			files = (
				BF5CFA862641A5E36CC1ECD5 /* Pods_Itinerary.framework in Frameworks */,
			);
			runOnlyForDeploymentPostprocessing = 0;
		};
/* End PBXFrameworksBuildPhase section */

/* Begin PBXGroup section */
		69FF5FA34DF0DC35B1B3F7F2 /* Frameworks */ = {
			isa = PBXGroup;
			children = (
				D088878FE0F3EFCFEDB30069 /* Pods_Itinerary.framework */,
			);
			name = Frameworks;
			sourceTree = "<group>";
		};
		911DA24923682D6800F90494 /* Model */ = {
			isa = PBXGroup;
			children = (
				911DA24F236840BC00F90494 /* TripData.swift */,
				913D905823A9DF82009BA826 /* MockData.swift */,
				911DA24A23682D7100F90494 /* Trip */,
				913D905023A9DA2D009BA826 /* Day */,
				913D905123A9DA59009BA826 /* Activity */,
			);
			path = Model;
			sourceTree = "<group>";
		};
		911DA24A23682D7100F90494 /* Trip */ = {
			isa = PBXGroup;
			children = (
				911DA24B23682D8F00F90494 /* TripModel.swift */,
				911DA24D23682E0A00F90494 /* TripFunctions.swift */,
			);
			path = Trip;
			sourceTree = "<group>";
		};
		911DA25123684AB900F90494 /* Views */ = {
			isa = PBXGroup;
			children = (
				91F10A8D23A558FF006FD594 /* AddTripViewController */,
				911DA25223684AD600F90494 /* TripsViewController */,
				91E5682723A82B2000F548BE /* ActivitiesViewController */,
			);
			path = Views;
			sourceTree = "<group>";
		};
		911DA25223684AD600F90494 /* TripsViewController */ = {
			isa = PBXGroup;
			children = (
				911DA25323684AFE00F90494 /* TripsViewController.storyboard */,
				911DA25523684B1B00F90494 /* TripsViewController.swift */,
				911DA257236851F100F90494 /* TripsTableViewCell.swift */,
			);
			path = TripsViewController;
			sourceTree = "<group>";
		};
		913D905023A9DA2D009BA826 /* Day */ = {
			isa = PBXGroup;
			children = (
				913D905623A9DC5D009BA826 /* DayModel.swift */,
			);
			path = Day;
			sourceTree = "<group>";
		};
		913D905123A9DA59009BA826 /* Activity */ = {
			isa = PBXGroup;
			children = (
				913D905423A9DAEA009BA826 /* ActivityModel.swift */,
				913D905223A9DA80009BA826 /* ActivityTypeEnum.swift */,
			);
			path = Activity;
			sourceTree = "<group>";
		};
		916195A22365F0CE006D707A = {
			isa = PBXGroup;
			children = (
				916195AD2365F0CE006D707A /* Itinerary */,
				916195AC2365F0CE006D707A /* Products */,
				F8A351EAB6679130659C61E1 /* Pods */,
				69FF5FA34DF0DC35B1B3F7F2 /* Frameworks */,
			);
			sourceTree = "<group>";
		};
		916195AC2365F0CE006D707A /* Products */ = {
			isa = PBXGroup;
			children = (
				916195AB2365F0CE006D707A /* Itinerary.app */,
			);
			name = Products;
			sourceTree = "<group>";
		};
		916195AD2365F0CE006D707A /* Itinerary */ = {
			isa = PBXGroup;
			children = (
				91ECEDDF236A116D000E6102 /* Resources */,
				91ECEDDC236A0BCF000E6102 /* Extensions */,
				911DA24923682D6800F90494 /* Model */,
				911DA25123684AB900F90494 /* Views */,
				916195AE2365F0CE006D707A /* AppDelegate.swift */,
				916195B72365F0D1006D707A /* LaunchScreen.storyboard */,
				916195BA2365F0D1006D707A /* Info.plist */,
			);
			path = Itinerary;
			sourceTree = "<group>";
		};
		91E5682723A82B2000F548BE /* ActivitiesViewController */ = {
			isa = PBXGroup;
			children = (
				91E5682823A82B7700F548BE /* ActivitiesViewController.storyboard */,
				91E5682A23A82BAE00F548BE /* ActivitiesViewController.swift */,
				9132E85123AE46F50001CE12 /* HeaderTableViewCell.swift */,
				9149BB9623B16853002B926A /* ActivityTableViewCell.swift */,
			);
			path = ActivitiesViewController;
			sourceTree = "<group>";
		};
		91ECEDDC236A0BCF000E6102 /* Extensions */ = {
			isa = PBXGroup;
			children = (
				91ECEDDD236A0BF4000E6102 /* UIViewExtensions.swift */,
				91ECEDE8236A2B90000E6102 /* UIButtonExtension.swift */,
				91ECEDEA236A2FAB000E6102 /* FloatingActionButton.swift */,
			);
			path = Extensions;
			sourceTree = "<group>";
		};
		91ECEDDF236A116D000E6102 /* Resources */ = {
			isa = PBXGroup;
			children = (
				91F10A9023A55FE9006FD594 /* CustomControls */,
				91ECEDE0236A12C5000E6102 /* Theme.swift */,
				91ECEDE2236A1321000E6102 /* FugazOne-Regular.ttf */,
				91ECEDE4236A148C000E6102 /* Colors.xcassets */,
				91ECEDE6236A276A000E6102 /* Assets.xcassets */,
			);
			path = Resources;
			sourceTree = "<group>";
		};
		91F10A8D23A558FF006FD594 /* AddTripViewController */ = {
			isa = PBXGroup;
			children = (
				91F10A8B23A5589D006FD594 /* AddTripViewController.storyboard */,
				91F10A8E23A55931006FD594 /* AddTripViewController.swift */,
			);
			path = AddTripViewController;
			sourceTree = "<group>";
		};
		91F10A9023A55FE9006FD594 /* CustomControls */ = {
			isa = PBXGroup;
			children = (
				91F10A9123A5600B006FD594 /* PopupUIView.swift */,
				91F10A9323A56462006FD594 /* AppUIButton.swift */,
			);
			path = CustomControls;
			sourceTree = "<group>";
		};
		F8A351EAB6679130659C61E1 /* Pods */ = {
			isa = PBXGroup;
			children = (
				D94EF8767C3C9EA0DB872642 /* Pods-Itinerary.debug.xcconfig */,
				B741C3AEB8EEBEBB897913E8 /* Pods-Itinerary.release.xcconfig */,
			);
			path = Pods;
			sourceTree = "<group>";
		};
/* End PBXGroup section */

/* Begin PBXNativeTarget section */
		916195AA2365F0CE006D707A /* Itinerary */ = {
			isa = PBXNativeTarget;
			buildConfigurationList = 916195BD2365F0D1006D707A /* Build configuration list for PBXNativeTarget "Itinerary" */;
			buildPhases = (
				E1CC7580D7AF2EF68DC6AA56 /* [CP] Check Pods Manifest.lock */,
				916195A72365F0CE006D707A /* Sources */,
				916195A82365F0CE006D707A /* Frameworks */,
				916195A92365F0CE006D707A /* Resources */,
				7225AB23B64E398207869753 /* [CP] Embed Pods Frameworks */,
			);
			buildRules = (
			);
			dependencies = (
			);
			name = Itinerary;
			productName = Itinerary;
			productReference = 916195AB2365F0CE006D707A /* Itinerary.app */;
			productType = "com.apple.product-type.application";
		};
/* End PBXNativeTarget section */

/* Begin PBXProject section */
		916195A32365F0CE006D707A /* Project object */ = {
			isa = PBXProject;
			attributes = {
				LastSwiftUpdateCheck = 1010;
				LastUpgradeCheck = 1010;
				ORGANIZATIONNAME = "Mehmet Eroğlu";
				TargetAttributes = {
					916195AA2365F0CE006D707A = {
						CreatedOnToolsVersion = 10.1;
					};
				};
			};
			buildConfigurationList = 916195A62365F0CE006D707A /* Build configuration list for PBXProject "Itinerary" */;
			compatibilityVersion = "Xcode 9.3";
			developmentRegion = en;
			hasScannedForEncodings = 0;
			knownRegions = (
				en,
				Base,
			);
			mainGroup = 916195A22365F0CE006D707A;
			productRefGroup = 916195AC2365F0CE006D707A /* Products */;
			projectDirPath = "";
			projectRoot = "";
			targets = (
				916195AA2365F0CE006D707A /* Itinerary */,
			);
		};
/* End PBXProject section */

/* Begin PBXResourcesBuildPhase section */
		916195A92365F0CE006D707A /* Resources */ = {
			isa = PBXResourcesBuildPhase;
			buildActionMask = 2147483647;
			files = (
				91F10A8C23A5589D006FD594 /* AddTripViewController.storyboard in Resources */,
				916195B92365F0D1006D707A /* LaunchScreen.storyboard in Resources */,
				911DA25423684AFE00F90494 /* TripsViewController.storyboard in Resources */,
				91E5682923A82B7700F548BE /* ActivitiesViewController.storyboard in Resources */,
				91ECEDE5236A148C000E6102 /* Colors.xcassets in Resources */,
				9180387223A2E88B009D6C2D /* FugazOne-Regular.ttf in Resources */,
				91ECEDE7236A276A000E6102 /* Assets.xcassets in Resources */,
			);
			runOnlyForDeploymentPostprocessing = 0;
		};
/* End PBXResourcesBuildPhase section */

/* Begin PBXShellScriptBuildPhase section */
		7225AB23B64E398207869753 /* [CP] Embed Pods Frameworks */ = {
			isa = PBXShellScriptBuildPhase;
			buildActionMask = 2147483647;
			files = (
			);
			inputFileListPaths = (
				"${PODS_ROOT}/Target Support Files/Pods-Itinerary/Pods-Itinerary-frameworks-${CONFIGURATION}-input-files.xcfilelist",
			);
			name = "[CP] Embed Pods Frameworks";
			outputFileListPaths = (
				"${PODS_ROOT}/Target Support Files/Pods-Itinerary/Pods-Itinerary-frameworks-${CONFIGURATION}-output-files.xcfilelist",
			);
			runOnlyForDeploymentPostprocessing = 0;
			shellPath = /bin/sh;
			shellScript = "\"${PODS_ROOT}/Target Support Files/Pods-Itinerary/Pods-Itinerary-frameworks.sh\"\n";
			showEnvVarsInLog = 0;
		};
		E1CC7580D7AF2EF68DC6AA56 /* [CP] Check Pods Manifest.lock */ = {
			isa = PBXShellScriptBuildPhase;
			buildActionMask = 2147483647;
			files = (
			);
			inputFileListPaths = (
			);
			inputPaths = (
				"${PODS_PODFILE_DIR_PATH}/Podfile.lock",
				"${PODS_ROOT}/Manifest.lock",
			);
			name = "[CP] Check Pods Manifest.lock";
			outputFileListPaths = (
			);
			outputPaths = (
				"$(DERIVED_FILE_DIR)/Pods-Itinerary-checkManifestLockResult.txt",
			);
			runOnlyForDeploymentPostprocessing = 0;
			shellPath = /bin/sh;
			shellScript = "diff \"${PODS_PODFILE_DIR_PATH}/Podfile.lock\" \"${PODS_ROOT}/Manifest.lock\" > /dev/null\nif [ $? != 0 ] ; then\n    # print error to STDERR\n    echo \"error: The sandbox is not in sync with the Podfile.lock. Run 'pod install' or update your CocoaPods installation.\" >&2\n    exit 1\nfi\n# This output is used by Xcode 'outputs' to avoid re-running this script phase.\necho \"SUCCESS\" > \"${SCRIPT_OUTPUT_FILE_0}\"\n";
			showEnvVarsInLog = 0;
		};
/* End PBXShellScriptBuildPhase section */

/* Begin PBXSourcesBuildPhase section */
		916195A72365F0CE006D707A /* Sources */ = {
			isa = PBXSourcesBuildPhase;
			buildActionMask = 2147483647;
			files = (
				91F10A9423A56462006FD594 /* AppUIButton.swift in Sources */,
				911DA258236851F100F90494 /* TripsTableViewCell.swift in Sources */,
				9149BB9723B16853002B926A /* ActivityTableViewCell.swift in Sources */,
				9132E85223AE46F50001CE12 /* HeaderTableViewCell.swift in Sources */,
				91ECEDE1236A12C5000E6102 /* Theme.swift in Sources */,
				913D905323A9DA80009BA826 /* ActivityTypeEnum.swift in Sources */,
				91ECEDDE236A0BF4000E6102 /* UIViewExtensions.swift in Sources */,
				913D905523A9DAEA009BA826 /* ActivityModel.swift in Sources */,
				911DA24C23682D8F00F90494 /* TripModel.swift in Sources */,
				916195AF2365F0CE006D707A /* AppDelegate.swift in Sources */,
				91ECEDE9236A2B90000E6102 /* UIButtonExtension.swift in Sources */,
				911DA24E23682E0A00F90494 /* TripFunctions.swift in Sources */,
				913D905923A9DF82009BA826 /* MockData.swift in Sources */,
				91E5682B23A82BAE00F548BE /* ActivitiesViewController.swift in Sources */,
				91F10A8F23A55931006FD594 /* AddTripViewController.swift in Sources */,
				91F10A9223A5600B006FD594 /* PopupUIView.swift in Sources */,
				91ECEDEB236A2FAB000E6102 /* FloatingActionButton.swift in Sources */,
				913D905723A9DC5D009BA826 /* DayModel.swift in Sources */,
				911DA250236840BC00F90494 /* TripData.swift in Sources */,
				911DA25623684B1B00F90494 /* TripsViewController.swift in Sources */,
			);
			runOnlyForDeploymentPostprocessing = 0;
		};
/* End PBXSourcesBuildPhase section */

/* Begin PBXVariantGroup section */
		916195B72365F0D1006D707A /* LaunchScreen.storyboard */ = {
			isa = PBXVariantGroup;
			children = (
				916195B82365F0D1006D707A /* Base */,
			);
			name = LaunchScreen.storyboard;
			sourceTree = "<group>";
		};
/* End PBXVariantGroup section */

/* Begin XCBuildConfiguration section */
		916195BB2365F0D1006D707A /* Debug */ = {
			isa = XCBuildConfiguration;
			buildSettings = {
				ALWAYS_SEARCH_USER_PATHS = NO;
				CLANG_ANALYZER_NONNULL = YES;
				CLANG_ANALYZER_NUMBER_OBJECT_CONVERSION = YES_AGGRESSIVE;
				CLANG_CXX_LANGUAGE_STANDARD = "gnu++14";
				CLANG_CXX_LIBRARY = "libc++";
				CLANG_ENABLE_MODULES = YES;
				CLANG_ENABLE_OBJC_ARC = YES;
				CLANG_ENABLE_OBJC_WEAK = YES;
				CLANG_WARN_BLOCK_CAPTURE_AUTORELEASING = YES;
				CLANG_WARN_BOOL_CONVERSION = YES;
				CLANG_WARN_COMMA = YES;
				CLANG_WARN_CONSTANT_CONVERSION = YES;
				CLANG_WARN_DEPRECATED_OBJC_IMPLEMENTATIONS = YES;
				CLANG_WARN_DIRECT_OBJC_ISA_USAGE = YES_ERROR;
				CLANG_WARN_DOCUMENTATION_COMMENTS = YES;
				CLANG_WARN_EMPTY_BODY = YES;
				CLANG_WARN_ENUM_CONVERSION = YES;
				CLANG_WARN_INFINITE_RECURSION = YES;
				CLANG_WARN_INT_CONVERSION = YES;
				CLANG_WARN_NON_LITERAL_NULL_CONVERSION = YES;
				CLANG_WARN_OBJC_IMPLICIT_RETAIN_SELF = YES;
				CLANG_WARN_OBJC_LITERAL_CONVERSION = YES;
				CLANG_WARN_OBJC_ROOT_CLASS = YES_ERROR;
				CLANG_WARN_RANGE_LOOP_ANALYSIS = YES;
				CLANG_WARN_STRICT_PROTOTYPES = YES;
				CLANG_WARN_SUSPICIOUS_MOVE = YES;
				CLANG_WARN_UNGUARDED_AVAILABILITY = YES_AGGRESSIVE;
				CLANG_WARN_UNREACHABLE_CODE = YES;
				CLANG_WARN__DUPLICATE_METHOD_MATCH = YES;
				CODE_SIGN_IDENTITY = "iPhone Developer";
				COPY_PHASE_STRIP = NO;
				DEBUG_INFORMATION_FORMAT = dwarf;
				ENABLE_STRICT_OBJC_MSGSEND = YES;
				ENABLE_TESTABILITY = YES;
				GCC_C_LANGUAGE_STANDARD = gnu11;
				GCC_DYNAMIC_NO_PIC = NO;
				GCC_NO_COMMON_BLOCKS = YES;
				GCC_OPTIMIZATION_LEVEL = 0;
				GCC_PREPROCESSOR_DEFINITIONS = (
					"DEBUG=1",
					"$(inherited)",
				);
				GCC_WARN_64_TO_32_BIT_CONVERSION = YES;
				GCC_WARN_ABOUT_RETURN_TYPE = YES_ERROR;
				GCC_WARN_UNDECLARED_SELECTOR = YES;
				GCC_WARN_UNINITIALIZED_AUTOS = YES_AGGRESSIVE;
				GCC_WARN_UNUSED_FUNCTION = YES;
				GCC_WARN_UNUSED_VARIABLE = YES;
				IPHONEOS_DEPLOYMENT_TARGET = 12.1;
				MTL_ENABLE_DEBUG_INFO = INCLUDE_SOURCE;
				MTL_FAST_MATH = YES;
				ONLY_ACTIVE_ARCH = YES;
				SDKROOT = iphoneos;
				SWIFT_ACTIVE_COMPILATION_CONDITIONS = DEBUG;
				SWIFT_OPTIMIZATION_LEVEL = "-Onone";
			};
			name = Debug;
		};
		916195BC2365F0D1006D707A /* Release */ = {
			isa = XCBuildConfiguration;
			buildSettings = {
				ALWAYS_SEARCH_USER_PATHS = NO;
				CLANG_ANALYZER_NONNULL = YES;
				CLANG_ANALYZER_NUMBER_OBJECT_CONVERSION = YES_AGGRESSIVE;
				CLANG_CXX_LANGUAGE_STANDARD = "gnu++14";
				CLANG_CXX_LIBRARY = "libc++";
				CLANG_ENABLE_MODULES = YES;
				CLANG_ENABLE_OBJC_ARC = YES;
				CLANG_ENABLE_OBJC_WEAK = YES;
				CLANG_WARN_BLOCK_CAPTURE_AUTORELEASING = YES;
				CLANG_WARN_BOOL_CONVERSION = YES;
				CLANG_WARN_COMMA = YES;
				CLANG_WARN_CONSTANT_CONVERSION = YES;
				CLANG_WARN_DEPRECATED_OBJC_IMPLEMENTATIONS = YES;
				CLANG_WARN_DIRECT_OBJC_ISA_USAGE = YES_ERROR;
				CLANG_WARN_DOCUMENTATION_COMMENTS = YES;
				CLANG_WARN_EMPTY_BODY = YES;
				CLANG_WARN_ENUM_CONVERSION = YES;
				CLANG_WARN_INFINITE_RECURSION = YES;
				CLANG_WARN_INT_CONVERSION = YES;
				CLANG_WARN_NON_LITERAL_NULL_CONVERSION = YES;
				CLANG_WARN_OBJC_IMPLICIT_RETAIN_SELF = YES;
				CLANG_WARN_OBJC_LITERAL_CONVERSION = YES;
				CLANG_WARN_OBJC_ROOT_CLASS = YES_ERROR;
				CLANG_WARN_RANGE_LOOP_ANALYSIS = YES;
				CLANG_WARN_STRICT_PROTOTYPES = YES;
				CLANG_WARN_SUSPICIOUS_MOVE = YES;
				CLANG_WARN_UNGUARDED_AVAILABILITY = YES_AGGRESSIVE;
				CLANG_WARN_UNREACHABLE_CODE = YES;
				CLANG_WARN__DUPLICATE_METHOD_MATCH = YES;
				CODE_SIGN_IDENTITY = "iPhone Developer";
				COPY_PHASE_STRIP = NO;
				DEBUG_INFORMATION_FORMAT = "dwarf-with-dsym";
				ENABLE_NS_ASSERTIONS = NO;
				ENABLE_STRICT_OBJC_MSGSEND = YES;
				GCC_C_LANGUAGE_STANDARD = gnu11;
				GCC_NO_COMMON_BLOCKS = YES;
				GCC_WARN_64_TO_32_BIT_CONVERSION = YES;
				GCC_WARN_ABOUT_RETURN_TYPE = YES_ERROR;
				GCC_WARN_UNDECLARED_SELECTOR = YES;
				GCC_WARN_UNINITIALIZED_AUTOS = YES_AGGRESSIVE;
				GCC_WARN_UNUSED_FUNCTION = YES;
				GCC_WARN_UNUSED_VARIABLE = YES;
				IPHONEOS_DEPLOYMENT_TARGET = 12.1;
				MTL_ENABLE_DEBUG_INFO = NO;
				MTL_FAST_MATH = YES;
				SDKROOT = iphoneos;
				SWIFT_COMPILATION_MODE = wholemodule;
				SWIFT_OPTIMIZATION_LEVEL = "-O";
				VALIDATE_PRODUCT = YES;
			};
			name = Release;
		};
		916195BE2365F0D1006D707A /* Debug */ = {
			isa = XCBuildConfiguration;
			baseConfigurationReference = D94EF8767C3C9EA0DB872642 /* Pods-Itinerary.debug.xcconfig */;
			buildSettings = {
				ASSETCATALOG_COMPILER_APPICON_NAME = AppIcon;
				CODE_SIGN_STYLE = Automatic;
				DEVELOPMENT_TEAM = 76NANZTYJ2;
				INFOPLIST_FILE = Itinerary/Info.plist;
				LD_RUNPATH_SEARCH_PATHS = (
					"$(inherited)",
					"@executable_path/Frameworks",
				);
				PRODUCT_BUNDLE_IDENTIFIER = com.Meroglu.Itinerary;
				PRODUCT_NAME = "$(TARGET_NAME)";
				SWIFT_VERSION = 4.2;
				TARGETED_DEVICE_FAMILY = "1,2";
			};
			name = Debug;
		};
		916195BF2365F0D1006D707A /* Release */ = {
			isa = XCBuildConfiguration;
			baseConfigurationReference = B741C3AEB8EEBEBB897913E8 /* Pods-Itinerary.release.xcconfig */;
			buildSettings = {
				ASSETCATALOG_COMPILER_APPICON_NAME = AppIcon;
				CODE_SIGN_STYLE = Automatic;
				DEVELOPMENT_TEAM = 76NANZTYJ2;
				INFOPLIST_FILE = Itinerary/Info.plist;
				LD_RUNPATH_SEARCH_PATHS = (
					"$(inherited)",
					"@executable_path/Frameworks",
				);
				PRODUCT_BUNDLE_IDENTIFIER = com.Meroglu.Itinerary;
				PRODUCT_NAME = "$(TARGET_NAME)";
				SWIFT_VERSION = 4.2;
				TARGETED_DEVICE_FAMILY = "1,2";
			};
			name = Release;
		};
/* End XCBuildConfiguration section */

/* Begin XCConfigurationList section */
		916195A62365F0CE006D707A /* Build configuration list for PBXProject "Itinerary" */ = {
			isa = XCConfigurationList;
			buildConfigurations = (
				916195BB2365F0D1006D707A /* Debug */,
				916195BC2365F0D1006D707A /* Release */,
			);
			defaultConfigurationIsVisible = 0;
			defaultConfigurationName = Release;
		};
		916195BD2365F0D1006D707A /* Build configuration list for PBXNativeTarget "Itinerary" */ = {
			isa = XCConfigurationList;
			buildConfigurations = (
				916195BE2365F0D1006D707A /* Debug */,
				916195BF2365F0D1006D707A /* Release */,
			);
			defaultConfigurationIsVisible = 0;
			defaultConfigurationName = Release;
		};
/* End XCConfigurationList section */
	};
	rootObject = 916195A32365F0CE006D707A /* Project object */;
}
